# THIS IS AN AUTOGENERATED FILE. DO NOT EDIT THIS FILE DIRECTLY.
# yarn lockfile v1


ejs@~3.0:
  version "3.0.2"
  resolved "https://registry.yarnpkg.com/ejs/-/ejs-3.0.2.tgz#745b01cdcfe38c1c6a2da3bbb2d9957060a31226"
  integrity sha512-IncmUpn1yN84hy2shb0POJ80FWrfGNY0cxO9f4v+/sG7qcBvAtVWUA1IdzY/8EYUmOVhoKJVdJjNd3AZcnxOjA==
